{
  "name": "node-operator",
  "version": "0.1.0",
  "lockfileVersion": 3,
  "requires": true,
  "packages": {
    "": {
      "name": "node-operator",
      "version": "0.1.0",
      "dependencies": {
        "@s1ns3nz0/compliance-contracts": "1.0.0"
      },
      "engines": {
        "node": ">=22"
      }
    },
    "node_modules/@s1ns3nz0/compliance-contracts": {
      "version": "1.0.0",
      "resolved": "https://npm.pkg.github.com/download/@s1ns3nz0/compliance-contracts/1.0.0/e7d2886f9c3b758c499b35c1ef9bb5b63105b8ef",
      "integrity": "sha512-n2SwZIvln7GQMmoSVo3wWmyoHXliu69BtMKzMwrGnBNd7iSA4BZamNDhgnYBw+JRpFJkElEiTK5rhMRA38r7Zw==",
      "engines": {
        "node": ">=22"
      }
    }
  }
}
